// !$*UTF8*$!
{
	archiveVersion = 1;
	classes = {
	};
	objectVersion = 55;
	objects = {

/* Begin PBXBuildFile section */
		303C25632876100A00FA38BA /* PhotoCollectionViewCell.swift in Sources */ = {isa = PBXBuildFile; fileRef = 303C25622876100A00FA38BA /* PhotoCollectionViewCell.swift */; };
		303C2566287610B300FA38BA /* ProfileInfoHeaderCollectionReusableView.swift in Sources */ = {isa = PBXBuildFile; fileRef = 303C2565287610B300FA38BA /* ProfileInfoHeaderCollectionReusableView.swift */; };
		303C2568287610DB00FA38BA /* ProfileTabsCollectionReusableView.swift in Sources */ = {isa = PBXBuildFile; fileRef = 303C2567287610DB00FA38BA /* ProfileTabsCollectionReusableView.swift */; };
		3055D17A286F49A000B48F20 /* Extension.swift in Sources */ = {isa = PBXBuildFile; fileRef = 3055D179286F49A000B48F20 /* Extension.swift */; };
		305E8695286F3927000E2C5C /* GoogleService-Info.plist in Resources */ = {isa = PBXBuildFile; fileRef = 305E8694286F3927000E2C5C /* GoogleService-Info.plist */; };
		305E8698286F3EE9000E2C5C /* AuthManager.swift in Sources */ = {isa = PBXBuildFile; fileRef = 305E8697286F3EE9000E2C5C /* AuthManager.swift */; };
		305E869A286F3EF5000E2C5C /* StorageManager.swift in Sources */ = {isa = PBXBuildFile; fileRef = 305E8699286F3EF5000E2C5C /* StorageManager.swift */; };
		305E869C286F3F03000E2C5C /* DatabaseManager.swift in Sources */ = {isa = PBXBuildFile; fileRef = 305E869B286F3F03000E2C5C /* DatabaseManager.swift */; };
		307F169628722A71002540F7 /* FormTableViewCell.swift in Sources */ = {isa = PBXBuildFile; fileRef = 307F169528722A71002540F7 /* FormTableViewCell.swift */; };
		30C69F1A286F1E540018A46B /* HomeViewController.swift in Sources */ = {isa = PBXBuildFile; fileRef = 30C69F19286F1E540018A46B /* HomeViewController.swift */; };
		30C69F1D286F1E6C0018A46B /* PostViewController.swift in Sources */ = {isa = PBXBuildFile; fileRef = 30C69F1C286F1E6C0018A46B /* PostViewController.swift */; };
		30C69F1F286F1E760018A46B /* PostEditViewController.swift in Sources */ = {isa = PBXBuildFile; fileRef = 30C69F1E286F1E760018A46B /* PostEditViewController.swift */; };
		30C69F21286F1E880018A46B /* EditProfileViewController.swift in Sources */ = {isa = PBXBuildFile; fileRef = 30C69F20286F1E880018A46B /* EditProfileViewController.swift */; };
		30C69F23286F1E940018A46B /* SettingsViewController.swift in Sources */ = {isa = PBXBuildFile; fileRef = 30C69F22286F1E940018A46B /* SettingsViewController.swift */; };
		30C69F25286F1E9E0018A46B /* ListViewController.swift in Sources */ = {isa = PBXBuildFile; fileRef = 30C69F24286F1E9E0018A46B /* ListViewController.swift */; };
		30C69F27286F1EAB0018A46B /* SearchViewController.swift in Sources */ = {isa = PBXBuildFile; fileRef = 30C69F26286F1EAB0018A46B /* SearchViewController.swift */; };
		30C69F29286F1EB90018A46B /* SearchResultsViewController.swift in Sources */ = {isa = PBXBuildFile; fileRef = 30C69F28286F1EB90018A46B /* SearchResultsViewController.swift */; };
		30C69F2B286F276B0018A46B /* LoginViewController.swift in Sources */ = {isa = PBXBuildFile; fileRef = 30C69F2A286F276B0018A46B /* LoginViewController.swift */; };
		30C69F2D286F27790018A46B /* RegistrationViewController.swift in Sources */ = {isa = PBXBuildFile; fileRef = 30C69F2C286F27790018A46B /* RegistrationViewController.swift */; };
		30D15DB6286F1C9A0028A7A2 /* AppDelegate.swift in Sources */ = {isa = PBXBuildFile; fileRef = 30D15DB5286F1C9A0028A7A2 /* AppDelegate.swift */; };
		30D15DB8286F1C9A0028A7A2 /* SceneDelegate.swift in Sources */ = {isa = PBXBuildFile; fileRef = 30D15DB7286F1C9A0028A7A2 /* SceneDelegate.swift */; };
		30D15DBD286F1C9A0028A7A2 /* Main.storyboard in Resources */ = {isa = PBXBuildFile; fileRef = 30D15DBB286F1C9A0028A7A2 /* Main.storyboard */; };
		30D15DBF286F1C9C0028A7A2 /* Assets.xcassets in Resources */ = {isa = PBXBuildFile; fileRef = 30D15DBE286F1C9C0028A7A2 /* Assets.xcassets */; };
		30D15DC2286F1C9C0028A7A2 /* LaunchScreen.storyboard in Resources */ = {isa = PBXBuildFile; fileRef = 30D15DC0286F1C9C0028A7A2 /* LaunchScreen.storyboard */; };
		30D15DCF286F1D7B0028A7A2 /* ProfileViewController.swift in Sources */ = {isa = PBXBuildFile; fileRef = 30D15DCE286F1D7B0028A7A2 /* ProfileViewController.swift */; };
		30D15DD1286F1D8F0028A7A2 /* ExploreViewController.swift in Sources */ = {isa = PBXBuildFile; fileRef = 30D15DD0286F1D8F0028A7A2 /* ExploreViewController.swift */; };
		30D15DD3286F1D980028A7A2 /* CameraViewController.swift in Sources */ = {isa = PBXBuildFile; fileRef = 30D15DD2286F1D980028A7A2 /* CameraViewController.swift */; };
		30D15DD5286F1DA70028A7A2 /* NotificationViewController.swift in Sources */ = {isa = PBXBuildFile; fileRef = 30D15DD4286F1DA70028A7A2 /* NotificationViewController.swift */; };
		30D366442870E84200813A84 /* InstagramFeedTableViewCell.swift in Sources */ = {isa = PBXBuildFile; fileRef = 30D366432870E84200813A84 /* InstagramFeedTableViewCell.swift */; };
		30D366472870EC2600813A84 /* InstagramFeedHeaderTableViewCell.swift in Sources */ = {isa = PBXBuildFile; fileRef = 30D366462870EC2600813A84 /* InstagramFeedHeaderTableViewCell.swift */; };
		30D366492870EC7B00813A84 /* InstagramFeedActionsTableViewCell.swift in Sources */ = {isa = PBXBuildFile; fileRef = 30D366482870EC7B00813A84 /* InstagramFeedActionsTableViewCell.swift */; };
		30D3664B2870EC9F00813A84 /* InstagramFeedGeneralTableViewCell.swift in Sources */ = {isa = PBXBuildFile; fileRef = 30D3664A2870EC9F00813A84 /* InstagramFeedGeneralTableViewCell.swift */; };
		30E568DF286F3162008C5DCD /* Pods_Instagram.framework in Frameworks */ = {isa = PBXBuildFile; fileRef = CF94CBF09A1BFA96E067B6A8 /* Pods_Instagram.framework */; };
/* End PBXBuildFile section */

/* Begin PBXFileReference section */
		303C25622876100A00FA38BA /* PhotoCollectionViewCell.swift */ = {isa = PBXFileReference; lastKnownFileType = sourcecode.swift; path = PhotoCollectionViewCell.swift; sourceTree = "<group>"; };
		303C2565287610B300FA38BA /* ProfileInfoHeaderCollectionReusableView.swift */ = {isa = PBXFileReference; lastKnownFileType = sourcecode.swift; path = ProfileInfoHeaderCollectionReusableView.swift; sourceTree = "<group>"; };
		303C2567287610DB00FA38BA /* ProfileTabsCollectionReusableView.swift */ = {isa = PBXFileReference; lastKnownFileType = sourcecode.swift; path = ProfileTabsCollectionReusableView.swift; sourceTree = "<group>"; };
		3055D179286F49A000B48F20 /* Extension.swift */ = {isa = PBXFileReference; lastKnownFileType = sourcecode.swift; path = Extension.swift; sourceTree = "<group>"; };
		305E8694286F3927000E2C5C /* GoogleService-Info.plist */ = {isa = PBXFileReference; fileEncoding = 4; lastKnownFileType = text.plist.xml; path = "GoogleService-Info.plist"; sourceTree = "<group>"; };
		305E8697286F3EE9000E2C5C /* AuthManager.swift */ = {isa = PBXFileReference; lastKnownFileType = sourcecode.swift; path = AuthManager.swift; sourceTree = "<group>"; };
		305E8699286F3EF5000E2C5C /* StorageManager.swift */ = {isa = PBXFileReference; lastKnownFileType = sourcecode.swift; path = StorageManager.swift; sourceTree = "<group>"; };
		305E869B286F3F03000E2C5C /* DatabaseManager.swift */ = {isa = PBXFileReference; lastKnownFileType = sourcecode.swift; path = DatabaseManager.swift; sourceTree = "<group>"; };
		307F169528722A71002540F7 /* FormTableViewCell.swift */ = {isa = PBXFileReference; lastKnownFileType = sourcecode.swift; path = FormTableViewCell.swift; sourceTree = "<group>"; };
		30C69F19286F1E540018A46B /* HomeViewController.swift */ = {isa = PBXFileReference; lastKnownFileType = sourcecode.swift; path = HomeViewController.swift; sourceTree = "<group>"; };
		30C69F1C286F1E6C0018A46B /* PostViewController.swift */ = {isa = PBXFileReference; lastKnownFileType = sourcecode.swift; path = PostViewController.swift; sourceTree = "<group>"; };
		30C69F1E286F1E760018A46B /* PostEditViewController.swift */ = {isa = PBXFileReference; lastKnownFileType = sourcecode.swift; path = PostEditViewController.swift; sourceTree = "<group>"; };
		30C69F20286F1E880018A46B /* EditProfileViewController.swift */ = {isa = PBXFileReference; lastKnownFileType = sourcecode.swift; path = EditProfileViewController.swift; sourceTree = "<group>"; };
		30C69F22286F1E940018A46B /* SettingsViewController.swift */ = {isa = PBXFileReference; lastKnownFileType = sourcecode.swift; path = SettingsViewController.swift; sourceTree = "<group>"; };
		30C69F24286F1E9E0018A46B /* ListViewController.swift */ = {isa = PBXFileReference; lastKnownFileType = sourcecode.swift; path = ListViewController.swift; sourceTree = "<group>"; };
		30C69F26286F1EAB0018A46B /* SearchViewController.swift */ = {isa = PBXFileReference; lastKnownFileType = sourcecode.swift; path = SearchViewController.swift; sourceTree = "<group>"; };
		30C69F28286F1EB90018A46B /* SearchResultsViewController.swift */ = {isa = PBXFileReference; lastKnownFileType = sourcecode.swift; path = SearchResultsViewController.swift; sourceTree = "<group>"; };
		30C69F2A286F276B0018A46B /* LoginViewController.swift */ = {isa = PBXFileReference; lastKnownFileType = sourcecode.swift; path = LoginViewController.swift; sourceTree = "<group>"; };
		30C69F2C286F27790018A46B /* RegistrationViewController.swift */ = {isa = PBXFileReference; lastKnownFileType = sourcecode.swift; path = RegistrationViewController.swift; sourceTree = "<group>"; };
		30D15DB2286F1C9A0028A7A2 /* Instagram.app */ = {isa = PBXFileReference; explicitFileType = wrapper.application; includeInIndex = 0; path = Instagram.app; sourceTree = BUILT_PRODUCTS_DIR; };
		30D15DB5286F1C9A0028A7A2 /* AppDelegate.swift */ = {isa = PBXFileReference; lastKnownFileType = sourcecode.swift; path = AppDelegate.swift; sourceTree = "<group>"; };
		30D15DB7286F1C9A0028A7A2 /* SceneDelegate.swift */ = {isa = PBXFileReference; lastKnownFileType = sourcecode.swift; path = SceneDelegate.swift; sourceTree = "<group>"; };
		30D15DBC286F1C9A0028A7A2 /* Base */ = {isa = PBXFileReference; lastKnownFileType = file.storyboard; name = Base; path = Base.lproj/Main.storyboard; sourceTree = "<group>"; };
		30D15DBE286F1C9C0028A7A2 /* Assets.xcassets */ = {isa = PBXFileReference; lastKnownFileType = folder.assetcatalog; path = Assets.xcassets; sourceTree = "<group>"; };
		30D15DC1286F1C9C0028A7A2 /* Base */ = {isa = PBXFileReference; lastKnownFileType = file.storyboard; name = Base; path = Base.lproj/LaunchScreen.storyboard; sourceTree = "<group>"; };
		30D15DC3286F1C9C0028A7A2 /* Info.plist */ = {isa = PBXFileReference; lastKnownFileType = text.plist.xml; path = Info.plist; sourceTree = "<group>"; };
		30D15DCE286F1D7B0028A7A2 /* ProfileViewController.swift */ = {isa = PBXFileReference; lastKnownFileType = sourcecode.swift; path = ProfileViewController.swift; sourceTree = "<group>"; };
		30D15DD0286F1D8F0028A7A2 /* ExploreViewController.swift */ = {isa = PBXFileReference; lastKnownFileType = sourcecode.swift; path = ExploreViewController.swift; sourceTree = "<group>"; };
		30D15DD2286F1D980028A7A2 /* CameraViewController.swift */ = {isa = PBXFileReference; lastKnownFileType = sourcecode.swift; path = CameraViewController.swift; sourceTree = "<group>"; };
		30D15DD4286F1DA70028A7A2 /* NotificationViewController.swift */ = {isa = PBXFileReference; lastKnownFileType = sourcecode.swift; path = NotificationViewController.swift; sourceTree = "<group>"; };
		30D366432870E84200813A84 /* InstagramFeedTableViewCell.swift */ = {isa = PBXFileReference; lastKnownFileType = sourcecode.swift; path = InstagramFeedTableViewCell.swift; sourceTree = "<group>"; };
		30D366462870EC2600813A84 /* InstagramFeedHeaderTableViewCell.swift */ = {isa = PBXFileReference; lastKnownFileType = sourcecode.swift; path = InstagramFeedHeaderTableViewCell.swift; sourceTree = "<group>"; };
		30D366482870EC7B00813A84 /* InstagramFeedActionsTableViewCell.swift */ = {isa = PBXFileReference; lastKnownFileType = sourcecode.swift; path = InstagramFeedActionsTableViewCell.swift; sourceTree = "<group>"; };
		30D3664A2870EC9F00813A84 /* InstagramFeedGeneralTableViewCell.swift */ = {isa = PBXFileReference; lastKnownFileType = sourcecode.swift; path = InstagramFeedGeneralTableViewCell.swift; sourceTree = "<group>"; };
		7236D4879AAA1DBF04338E71 /* Pods-Instagram.debug.xcconfig */ = {isa = PBXFileReference; includeInIndex = 1; lastKnownFileType = text.xcconfig; name = "Pods-Instagram.debug.xcconfig"; path = "Target Support Files/Pods-Instagram/Pods-Instagram.debug.xcconfig"; sourceTree = "<group>"; };
		B9A9D970457CC5EBA50F9DC3 /* Pods-Instagram.release.xcconfig */ = {isa = PBXFileReference; includeInIndex = 1; lastKnownFileType = text.xcconfig; name = "Pods-Instagram.release.xcconfig"; path = "Target Support Files/Pods-Instagram/Pods-Instagram.release.xcconfig"; sourceTree = "<group>"; };
		CF94CBF09A1BFA96E067B6A8 /* Pods_Instagram.framework */ = {isa = PBXFileReference; explicitFileType = wrapper.framework; includeInIndex = 0; path = Pods_Instagram.framework; sourceTree = BUILT_PRODUCTS_DIR; };
/* End PBXFileReference section */

/* Begin PBXFrameworksBuildPhase section */
		30D15DAF286F1C9A0028A7A2 /* Frameworks */ = {
			isa = PBXFrameworksBuildPhase;
			buildActionMask = 2147483647;
			files = (
				30E568DF286F3162008C5DCD /* Pods_Instagram.framework in Frameworks */,
			);
			runOnlyForDeploymentPostprocessing = 0;
		};
/* End PBXFrameworksBuildPhase section */

/* Begin PBXGroup section */
		303C25642876105F00FA38BA /* Collection View Headers */ = {
			isa = PBXGroup;
			children = (
				303C2565287610B300FA38BA /* ProfileInfoHeaderCollectionReusableView.swift */,
				303C2567287610DB00FA38BA /* ProfileTabsCollectionReusableView.swift */,
			);
			path = "Collection View Headers";
			sourceTree = "<group>";
		};
		305E8696286F3EC8000E2C5C /* Managers */ = {
			isa = PBXGroup;
			children = (
				305E8697286F3EE9000E2C5C /* AuthManager.swift */,
				305E8699286F3EF5000E2C5C /* StorageManager.swift */,
				305E869B286F3F03000E2C5C /* DatabaseManager.swift */,
			);
			path = Managers;
			sourceTree = "<group>";
		};
		30C69F15286F1E1A0018A46B /* Core Tabs */ = {
			isa = PBXGroup;
			children = (
				30C69F19286F1E540018A46B /* HomeViewController.swift */,
				30D15DD0286F1D8F0028A7A2 /* ExploreViewController.swift */,
				30D15DD2286F1D980028A7A2 /* CameraViewController.swift */,
				30D15DD4286F1DA70028A7A2 /* NotificationViewController.swift */,
				30D15DCE286F1D7B0028A7A2 /* ProfileViewController.swift */,
			);
			path = "Core Tabs";
			sourceTree = "<group>";
		};
		30C69F16286F1E280018A46B /* Onboarding */ = {
			isa = PBXGroup;
			children = (
				30C69F2A286F276B0018A46B /* LoginViewController.swift */,
				30C69F2C286F27790018A46B /* RegistrationViewController.swift */,
			);
			path = Onboarding;
			sourceTree = "<group>";
		};
		30C69F1B286F1E5F0018A46B /* Others */ = {
			isa = PBXGroup;
			children = (
				30C69F1C286F1E6C0018A46B /* PostViewController.swift */,
				30C69F1E286F1E760018A46B /* PostEditViewController.swift */,
				30C69F20286F1E880018A46B /* EditProfileViewController.swift */,
				30C69F22286F1E940018A46B /* SettingsViewController.swift */,
				30C69F24286F1E9E0018A46B /* ListViewController.swift */,
				30C69F26286F1EAB0018A46B /* SearchViewController.swift */,
				30C69F28286F1EB90018A46B /* SearchResultsViewController.swift */,
			);
			path = Others;
			sourceTree = "<group>";
		};
		30D15DA9286F1C9A0028A7A2 = {
			isa = PBXGroup;
			children = (
				30D15DB4286F1C9A0028A7A2 /* Instagram */,
				30D15DB3286F1C9A0028A7A2 /* Products */,
				6BA81A19EDA83593CE2D1208 /* Pods */,
				E04EF5836F69D98DD076107D /* Frameworks */,
			);
			sourceTree = "<group>";
		};
		30D15DB3286F1C9A0028A7A2 /* Products */ = {
			isa = PBXGroup;
			children = (
				30D15DB2286F1C9A0028A7A2 /* Instagram.app */,
			);
			name = Products;
			sourceTree = "<group>";
		};
		30D15DB4286F1C9A0028A7A2 /* Instagram */ = {
			isa = PBXGroup;
			children = (
				30D15DCC286F1CFE0028A7A2 /* Resources */,
				305E8696286F3EC8000E2C5C /* Managers */,
				30D15DCB286F1CF60028A7A2 /* Model */,
				30D15DC9286F1CE60028A7A2 /* View */,
				30D15DCA286F1CEE0028A7A2 /* Controller */,
				30D15DC3286F1C9C0028A7A2 /* Info.plist */,
			);
			path = Instagram;
			sourceTree = "<group>";
		};
		30D15DC9286F1CE60028A7A2 /* View */ = {
			isa = PBXGroup;
			children = (
				303C25642876105F00FA38BA /* Collection View Headers */,
				30D366422870E7FC00813A84 /* Cells */,
				30D15DBE286F1C9C0028A7A2 /* Assets.xcassets */,
				30D15DC0286F1C9C0028A7A2 /* LaunchScreen.storyboard */,
				30D15DCD286F1D0F0028A7A2 /* Storyboard */,
			);
			path = View;
			sourceTree = "<group>";
		};
		30D15DCA286F1CEE0028A7A2 /* Controller */ = {
			isa = PBXGroup;
			children = (
				30C69F15286F1E1A0018A46B /* Core Tabs */,
				30C69F1B286F1E5F0018A46B /* Others */,
				30C69F16286F1E280018A46B /* Onboarding */,
			);
			path = Controller;
			sourceTree = "<group>";
		};
		30D15DCB286F1CF60028A7A2 /* Model */ = {
			isa = PBXGroup;
			children = (
			);
			path = Model;
			sourceTree = "<group>";
		};
		30D15DCC286F1CFE0028A7A2 /* Resources */ = {
			isa = PBXGroup;
			children = (
				305E8694286F3927000E2C5C /* GoogleService-Info.plist */,
				30D15DB5286F1C9A0028A7A2 /* AppDelegate.swift */,
				30D15DB7286F1C9A0028A7A2 /* SceneDelegate.swift */,
				3055D179286F49A000B48F20 /* Extension.swift */,
			);
			path = Resources;
			sourceTree = "<group>";
		};
		30D15DCD286F1D0F0028A7A2 /* Storyboard */ = {
			isa = PBXGroup;
			children = (
				30D15DBB286F1C9A0028A7A2 /* Main.storyboard */,
			);
			path = Storyboard;
			sourceTree = "<group>";
		};
		30D366422870E7FC00813A84 /* Cells */ = {
			isa = PBXGroup;
			children = (
				303C25622876100A00FA38BA /* PhotoCollectionViewCell.swift */,
				307F169528722A71002540F7 /* FormTableViewCell.swift */,
				30D366452870EBEE00813A84 /* Home Feed */,
			);
			path = Cells;
			sourceTree = "<group>";
		};
		30D366452870EBEE00813A84 /* Home Feed */ = {
			isa = PBXGroup;
			children = (
				30D366432870E84200813A84 /* InstagramFeedTableViewCell.swift */,
				30D366462870EC2600813A84 /* InstagramFeedHeaderTableViewCell.swift */,
				30D366482870EC7B00813A84 /* InstagramFeedActionsTableViewCell.swift */,
				30D3664A2870EC9F00813A84 /* InstagramFeedGeneralTableViewCell.swift */,
			);
			path = "Home Feed";
			sourceTree = "<group>";
		};
		6BA81A19EDA83593CE2D1208 /* Pods */ = {
			isa = PBXGroup;
			children = (
				7236D4879AAA1DBF04338E71 /* Pods-Instagram.debug.xcconfig */,
				B9A9D970457CC5EBA50F9DC3 /* Pods-Instagram.release.xcconfig */,
			);
			path = Pods;
			sourceTree = "<group>";
		};
		E04EF5836F69D98DD076107D /* Frameworks */ = {
			isa = PBXGroup;
			children = (
				CF94CBF09A1BFA96E067B6A8 /* Pods_Instagram.framework */,
			);
			name = Frameworks;
			sourceTree = "<group>";
		};
/* End PBXGroup section */

/* Begin PBXNativeTarget section */
		30D15DB1286F1C9A0028A7A2 /* Instagram */ = {
			isa = PBXNativeTarget;
			buildConfigurationList = 30D15DC6286F1C9C0028A7A2 /* Build configuration list for PBXNativeTarget "Instagram" */;
			buildPhases = (
				385FF80F4FED7B5155BFC01D /* [CP] Check Pods Manifest.lock */,
				30D15DAE286F1C9A0028A7A2 /* Sources */,
				30D15DAF286F1C9A0028A7A2 /* Frameworks */,
				30D15DB0286F1C9A0028A7A2 /* Resources */,
				01B081E183C192BFB7AFAD47 /* [CP] Embed Pods Frameworks */,
			);
			buildRules = (
			);
			dependencies = (
			);
			name = Instagram;
			productName = Instagram;
			productReference = 30D15DB2286F1C9A0028A7A2 /* Instagram.app */;
			productType = "com.apple.product-type.application";
		};
/* End PBXNativeTarget section */

/* Begin PBXProject section */
		30D15DAA286F1C9A0028A7A2 /* Project object */ = {
			isa = PBXProject;
			attributes = {
				BuildIndependentTargetsInParallel = 1;
				LastSwiftUpdateCheck = 1320;
				LastUpgradeCheck = 1320;
				TargetAttributes = {
					30D15DB1286F1C9A0028A7A2 = {
						CreatedOnToolsVersion = 13.2.1;
					};
				};
			};
			buildConfigurationList = 30D15DAD286F1C9A0028A7A2 /* Build configuration list for PBXProject "Instagram" */;
			compatibilityVersion = "Xcode 13.0";
			developmentRegion = en;
			hasScannedForEncodings = 0;
			knownRegions = (
				en,
				Base,
			);
			mainGroup = 30D15DA9286F1C9A0028A7A2;
			productRefGroup = 30D15DB3286F1C9A0028A7A2 /* Products */;
			projectDirPath = "";
			projectRoot = "";
			targets = (
				30D15DB1286F1C9A0028A7A2 /* Instagram */,
			);
		};
/* End PBXProject section */

/* Begin PBXResourcesBuildPhase section */
		30D15DB0286F1C9A0028A7A2 /* Resources */ = {
			isa = PBXResourcesBuildPhase;
			buildActionMask = 2147483647;
			files = (
				30D15DC2286F1C9C0028A7A2 /* LaunchScreen.storyboard in Resources */,
				305E8695286F3927000E2C5C /* GoogleService-Info.plist in Resources */,
				30D15DBF286F1C9C0028A7A2 /* Assets.xcassets in Resources */,
				30D15DBD286F1C9A0028A7A2 /* Main.storyboard in Resources */,
			);
			runOnlyForDeploymentPostprocessing = 0;
		};
/* End PBXResourcesBuildPhase section */

/* Begin PBXShellScriptBuildPhase section */
		01B081E183C192BFB7AFAD47 /* [CP] Embed Pods Frameworks */ = {
			isa = PBXShellScriptBuildPhase;
			buildActionMask = 2147483647;
			files = (
			);
			inputFileListPaths = (
				"${PODS_ROOT}/Target Support Files/Pods-Instagram/Pods-Instagram-frameworks-${CONFIGURATION}-input-files.xcfilelist",
			);
			name = "[CP] Embed Pods Frameworks";
			outputFileListPaths = (
				"${PODS_ROOT}/Target Support Files/Pods-Instagram/Pods-Instagram-frameworks-${CONFIGURATION}-output-files.xcfilelist",
			);
			runOnlyForDeploymentPostprocessing = 0;
			shellPath = /bin/sh;
			shellScript = "\"${PODS_ROOT}/Target Support Files/Pods-Instagram/Pods-Instagram-frameworks.sh\"\n";
			showEnvVarsInLog = 0;
		};
		385FF80F4FED7B5155BFC01D /* [CP] Check Pods Manifest.lock */ = {
			isa = PBXShellScriptBuildPhase;
			buildActionMask = 2147483647;
			files = (
			);
			inputFileListPaths = (
			);
			inputPaths = (
				"${PODS_PODFILE_DIR_PATH}/Podfile.lock",
				"${PODS_ROOT}/Manifest.lock",
			);
			name = "[CP] Check Pods Manifest.lock";
			outputFileListPaths = (
			);
			outputPaths = (
				"$(DERIVED_FILE_DIR)/Pods-Instagram-checkManifestLockResult.txt",
			);
			runOnlyForDeploymentPostprocessing = 0;
			shellPath = /bin/sh;
			shellScript = "diff \"${PODS_PODFILE_DIR_PATH}/Podfile.lock\" \"${PODS_ROOT}/Manifest.lock\" > /dev/null\nif [ $? != 0 ] ; then\n    # print error to STDERR\n    echo \"error: The sandbox is not in sync with the Podfile.lock. Run 'pod install' or update your CocoaPods installation.\" >&2\n    exit 1\nfi\n# This output is used by Xcode 'outputs' to avoid re-running this script phase.\necho \"SUCCESS\" > \"${SCRIPT_OUTPUT_FILE_0}\"\n";
			showEnvVarsInLog = 0;
		};
/* End PBXShellScriptBuildPhase section */

/* Begin PBXSourcesBuildPhase section */
		30D15DAE286F1C9A0028A7A2 /* Sources */ = {
			isa = PBXSourcesBuildPhase;
			buildActionMask = 2147483647;
			files = (
				30C69F21286F1E880018A46B /* EditProfileViewController.swift in Sources */,
				303C25632876100A00FA38BA /* PhotoCollectionViewCell.swift in Sources */,
				303C2566287610B300FA38BA /* ProfileInfoHeaderCollectionReusableView.swift in Sources */,
				30C69F1D286F1E6C0018A46B /* PostViewController.swift in Sources */,
				30D15DB6286F1C9A0028A7A2 /* AppDelegate.swift in Sources */,
				305E869A286F3EF5000E2C5C /* StorageManager.swift in Sources */,
				30D15DD1286F1D8F0028A7A2 /* ExploreViewController.swift in Sources */,
				30D3664B2870EC9F00813A84 /* InstagramFeedGeneralTableViewCell.swift in Sources */,
				30C69F29286F1EB90018A46B /* SearchResultsViewController.swift in Sources */,
				30C69F1A286F1E540018A46B /* HomeViewController.swift in Sources */,
				30D366492870EC7B00813A84 /* InstagramFeedActionsTableViewCell.swift in Sources */,
				303C2568287610DB00FA38BA /* ProfileTabsCollectionReusableView.swift in Sources */,
				30D15DD5286F1DA70028A7A2 /* NotificationViewController.swift in Sources */,
				305E8698286F3EE9000E2C5C /* AuthManager.swift in Sources */,
				30C69F1F286F1E760018A46B /* PostEditViewController.swift in Sources */,
				30C69F27286F1EAB0018A46B /* SearchViewController.swift in Sources */,
				30D15DCF286F1D7B0028A7A2 /* ProfileViewController.swift in Sources */,
				30C69F2D286F27790018A46B /* RegistrationViewController.swift in Sources */,
				30D366472870EC2600813A84 /* InstagramFeedHeaderTableViewCell.swift in Sources */,
				30D15DB8286F1C9A0028A7A2 /* SceneDelegate.swift in Sources */,
				305E869C286F3F03000E2C5C /* DatabaseManager.swift in Sources */,
				3055D17A286F49A000B48F20 /* Extension.swift in Sources */,
				30D366442870E84200813A84 /* InstagramFeedTableViewCell.swift in Sources */,
				30C69F2B286F276B0018A46B /* LoginViewController.swift in Sources */,
				30D15DD3286F1D980028A7A2 /* CameraViewController.swift in Sources */,
				30C69F25286F1E9E0018A46B /* ListViewController.swift in Sources */,
				307F169628722A71002540F7 /* FormTableViewCell.swift in Sources */,
				30C69F23286F1E940018A46B /* SettingsViewController.swift in Sources */,
			);
			runOnlyForDeploymentPostprocessing = 0;
		};
/* End PBXSourcesBuildPhase section */

/* Begin PBXVariantGroup section */
		30D15DBB286F1C9A0028A7A2 /* Main.storyboard */ = {
			isa = PBXVariantGroup;
			children = (
				30D15DBC286F1C9A0028A7A2 /* Base */,
			);
			name = Main.storyboard;
			sourceTree = "<group>";
		};
		30D15DC0286F1C9C0028A7A2 /* LaunchScreen.storyboard */ = {
			isa = PBXVariantGroup;
			children = (
				30D15DC1286F1C9C0028A7A2 /* Base */,
			);
			name = LaunchScreen.storyboard;
			sourceTree = "<group>";
		};
/* End PBXVariantGroup section */

/* Begin XCBuildConfiguration section */
		30D15DC4286F1C9C0028A7A2 /* Debug */ = {
			isa = XCBuildConfiguration;
			buildSettings = {
				ALWAYS_SEARCH_USER_PATHS = NO;
				CLANG_ANALYZER_NONNULL = YES;
				CLANG_ANALYZER_NUMBER_OBJECT_CONVERSION = YES_AGGRESSIVE;
				CLANG_CXX_LANGUAGE_STANDARD = "gnu++17";
				CLANG_CXX_LIBRARY = "libc++";
				CLANG_ENABLE_MODULES = YES;
				CLANG_ENABLE_OBJC_ARC = YES;
				CLANG_ENABLE_OBJC_WEAK = YES;
				CLANG_WARN_BLOCK_CAPTURE_AUTORELEASING = YES;
				CLANG_WARN_BOOL_CONVERSION = YES;
				CLANG_WARN_COMMA = YES;
				CLANG_WARN_CONSTANT_CONVERSION = YES;
				CLANG_WARN_DEPRECATED_OBJC_IMPLEMENTATIONS = YES;
				CLANG_WARN_DIRECT_OBJC_ISA_USAGE = YES_ERROR;
				CLANG_WARN_DOCUMENTATION_COMMENTS = YES;
				CLANG_WARN_EMPTY_BODY = YES;
				CLANG_WARN_ENUM_CONVERSION = YES;
				CLANG_WARN_INFINITE_RECURSION = YES;
				CLANG_WARN_INT_CONVERSION = YES;
				CLANG_WARN_NON_LITERAL_NULL_CONVERSION = YES;
				CLANG_WARN_OBJC_IMPLICIT_RETAIN_SELF = YES;
				CLANG_WARN_OBJC_LITERAL_CONVERSION = YES;
				CLANG_WARN_OBJC_ROOT_CLASS = YES_ERROR;
				CLANG_WARN_QUOTED_INCLUDE_IN_FRAMEWORK_HEADER = YES;
				CLANG_WARN_RANGE_LOOP_ANALYSIS = YES;
				CLANG_WARN_STRICT_PROTOTYPES = YES;
				CLANG_WARN_SUSPICIOUS_MOVE = YES;
				CLANG_WARN_UNGUARDED_AVAILABILITY = YES_AGGRESSIVE;
				CLANG_WARN_UNREACHABLE_CODE = YES;
				CLANG_WARN__DUPLICATE_METHOD_MATCH = YES;
				COPY_PHASE_STRIP = NO;
				DEBUG_INFORMATION_FORMAT = dwarf;
				ENABLE_STRICT_OBJC_MSGSEND = YES;
				ENABLE_TESTABILITY = YES;
				GCC_C_LANGUAGE_STANDARD = gnu11;
				GCC_DYNAMIC_NO_PIC = NO;
				GCC_NO_COMMON_BLOCKS = YES;
				GCC_OPTIMIZATION_LEVEL = 0;
				GCC_PREPROCESSOR_DEFINITIONS = (
					"DEBUG=1",
					"$(inherited)",
				);
				GCC_WARN_64_TO_32_BIT_CONVERSION = YES;
				GCC_WARN_ABOUT_RETURN_TYPE = YES_ERROR;
				GCC_WARN_UNDECLARED_SELECTOR = YES;
				GCC_WARN_UNINITIALIZED_AUTOS = YES_AGGRESSIVE;
				GCC_WARN_UNUSED_FUNCTION = YES;
				GCC_WARN_UNUSED_VARIABLE = YES;
				IPHONEOS_DEPLOYMENT_TARGET = 15.2;
				MTL_ENABLE_DEBUG_INFO = INCLUDE_SOURCE;
				MTL_FAST_MATH = YES;
				ONLY_ACTIVE_ARCH = YES;
				SDKROOT = iphoneos;
				SWIFT_ACTIVE_COMPILATION_CONDITIONS = DEBUG;
				SWIFT_OPTIMIZATION_LEVEL = "-Onone";
			};
			name = Debug;
		};
		30D15DC5286F1C9C0028A7A2 /* Release */ = {
			isa = XCBuildConfiguration;
			buildSettings = {
				ALWAYS_SEARCH_USER_PATHS = NO;
				CLANG_ANALYZER_NONNULL = YES;
				CLANG_ANALYZER_NUMBER_OBJECT_CONVERSION = YES_AGGRESSIVE;
				CLANG_CXX_LANGUAGE_STANDARD = "gnu++17";
				CLANG_CXX_LIBRARY = "libc++";
				CLANG_ENABLE_MODULES = YES;
				CLANG_ENABLE_OBJC_ARC = YES;
				CLANG_ENABLE_OBJC_WEAK = YES;
				CLANG_WARN_BLOCK_CAPTURE_AUTORELEASING = YES;
				CLANG_WARN_BOOL_CONVERSION = YES;
				CLANG_WARN_COMMA = YES;
				CLANG_WARN_CONSTANT_CONVERSION = YES;
				CLANG_WARN_DEPRECATED_OBJC_IMPLEMENTATIONS = YES;
				CLANG_WARN_DIRECT_OBJC_ISA_USAGE = YES_ERROR;
				CLANG_WARN_DOCUMENTATION_COMMENTS = YES;
				CLANG_WARN_EMPTY_BODY = YES;
				CLANG_WARN_ENUM_CONVERSION = YES;
				CLANG_WARN_INFINITE_RECURSION = YES;
				CLANG_WARN_INT_CONVERSION = YES;
				CLANG_WARN_NON_LITERAL_NULL_CONVERSION = YES;
				CLANG_WARN_OBJC_IMPLICIT_RETAIN_SELF = YES;
				CLANG_WARN_OBJC_LITERAL_CONVERSION = YES;
				CLANG_WARN_OBJC_ROOT_CLASS = YES_ERROR;
				CLANG_WARN_QUOTED_INCLUDE_IN_FRAMEWORK_HEADER = YES;
				CLANG_WARN_RANGE_LOOP_ANALYSIS = YES;
				CLANG_WARN_STRICT_PROTOTYPES = YES;
				CLANG_WARN_SUSPICIOUS_MOVE = YES;
				CLANG_WARN_UNGUARDED_AVAILABILITY = YES_AGGRESSIVE;
				CLANG_WARN_UNREACHABLE_CODE = YES;
				CLANG_WARN__DUPLICATE_METHOD_MATCH = YES;
				COPY_PHASE_STRIP = NO;
				DEBUG_INFORMATION_FORMAT = "dwarf-with-dsym";
				ENABLE_NS_ASSERTIONS = NO;
				ENABLE_STRICT_OBJC_MSGSEND = YES;
				GCC_C_LANGUAGE_STANDARD = gnu11;
				GCC_NO_COMMON_BLOCKS = YES;
				GCC_WARN_64_TO_32_BIT_CONVERSION = YES;
				GCC_WARN_ABOUT_RETURN_TYPE = YES_ERROR;
				GCC_WARN_UNDECLARED_SELECTOR = YES;
				GCC_WARN_UNINITIALIZED_AUTOS = YES_AGGRESSIVE;
				GCC_WARN_UNUSED_FUNCTION = YES;
				GCC_WARN_UNUSED_VARIABLE = YES;
				IPHONEOS_DEPLOYMENT_TARGET = 15.2;
				MTL_ENABLE_DEBUG_INFO = NO;
				MTL_FAST_MATH = YES;
				SDKROOT = iphoneos;
				SWIFT_COMPILATION_MODE = wholemodule;
				SWIFT_OPTIMIZATION_LEVEL = "-O";
				VALIDATE_PRODUCT = YES;
			};
			name = Release;
		};
		30D15DC7286F1C9C0028A7A2 /* Debug */ = {
			isa = XCBuildConfiguration;
			baseConfigurationReference = 7236D4879AAA1DBF04338E71 /* Pods-Instagram.debug.xcconfig */;
			buildSettings = {
				ASSETCATALOG_COMPILER_APPICON_NAME = AppIcon;
				ASSETCATALOG_COMPILER_GLOBAL_ACCENT_COLOR_NAME = AccentColor;
				CODE_SIGN_STYLE = Automatic;
				CURRENT_PROJECT_VERSION = 1;
				DEVELOPMENT_TEAM = L77873QU8Q;
				GENERATE_INFOPLIST_FILE = YES;
				INFOPLIST_FILE = Instagram/Info.plist;
				INFOPLIST_KEY_UIApplicationSupportsIndirectInputEvents = YES;
				INFOPLIST_KEY_UILaunchStoryboardName = LaunchScreen;
				INFOPLIST_KEY_UIMainStoryboardFile = Main;
				INFOPLIST_KEY_UISupportedInterfaceOrientations = UIInterfaceOrientationPortrait;
				INFOPLIST_KEY_UISupportedInterfaceOrientations_iPad = "UIInterfaceOrientationPortrait UIInterfaceOrientationPortraitUpsideDown UIInterfaceOrientationLandscapeLeft UIInterfaceOrientationLandscapeRight";
				INFOPLIST_KEY_UISupportedInterfaceOrientations_iPhone = "UIInterfaceOrientationPortrait UIInterfaceOrientationLandscapeLeft UIInterfaceOrientationLandscapeRight";
				LD_RUNPATH_SEARCH_PATHS = (
					"$(inherited)",
					"@executable_path/Frameworks",
				);
				MARKETING_VERSION = 1.0;
				PRODUCT_BUNDLE_IDENTIFIER = com.royaiyetin.Instagram;
				PRODUCT_NAME = "$(TARGET_NAME)";
				SWIFT_EMIT_LOC_STRINGS = YES;
				SWIFT_VERSION = 5.0;
				TARGETED_DEVICE_FAMILY = 1;
			};
			name = Debug;
		};
		30D15DC8286F1C9C0028A7A2 /* Release */ = {
			isa = XCBuildConfiguration;
			baseConfigurationReference = B9A9D970457CC5EBA50F9DC3 /* Pods-Instagram.release.xcconfig */;
			buildSettings = {
				ASSETCATALOG_COMPILER_APPICON_NAME = AppIcon;
				ASSETCATALOG_COMPILER_GLOBAL_ACCENT_COLOR_NAME = AccentColor;
				CODE_SIGN_STYLE = Automatic;
				CURRENT_PROJECT_VERSION = 1;
				DEVELOPMENT_TEAM = L77873QU8Q;
				GENERATE_INFOPLIST_FILE = YES;
				INFOPLIST_FILE = Instagram/Info.plist;
				INFOPLIST_KEY_UIApplicationSupportsIndirectInputEvents = YES;
				INFOPLIST_KEY_UILaunchStoryboardName = LaunchScreen;
				INFOPLIST_KEY_UIMainStoryboardFile = Main;
				INFOPLIST_KEY_UISupportedInterfaceOrientations = UIInterfaceOrientationPortrait;
				INFOPLIST_KEY_UISupportedInterfaceOrientations_iPad = "UIInterfaceOrientationPortrait UIInterfaceOrientationPortraitUpsideDown UIInterfaceOrientationLandscapeLeft UIInterfaceOrientationLandscapeRight";
				INFOPLIST_KEY_UISupportedInterfaceOrientations_iPhone = "UIInterfaceOrientationPortrait UIInterfaceOrientationLandscapeLeft UIInterfaceOrientationLandscapeRight";
				LD_RUNPATH_SEARCH_PATHS = (
					"$(inherited)",
					"@executable_path/Frameworks",
				);
				MARKETING_VERSION = 1.0;
				PRODUCT_BUNDLE_IDENTIFIER = com.royaiyetin.Instagram;
				PRODUCT_NAME = "$(TARGET_NAME)";
				SWIFT_EMIT_LOC_STRINGS = YES;
				SWIFT_VERSION = 5.0;
				TARGETED_DEVICE_FAMILY = 1;
			};
			name = Release;
		};
/* End XCBuildConfiguration section */

/* Begin XCConfigurationList section */
		30D15DAD286F1C9A0028A7A2 /* Build configuration list for PBXProject "Instagram" */ = {
			isa = XCConfigurationList;
			buildConfigurations = (
				30D15DC4286F1C9C0028A7A2 /* Debug */,
				30D15DC5286F1C9C0028A7A2 /* Release */,
			);
			defaultConfigurationIsVisible = 0;
			defaultConfigurationName = Release;
		};
		30D15DC6286F1C9C0028A7A2 /* Build configuration list for PBXNativeTarget "Instagram" */ = {
			isa = XCConfigurationList;
			buildConfigurations = (
				30D15DC7286F1C9C0028A7A2 /* Debug */,
				30D15DC8286F1C9C0028A7A2 /* Release */,
			);
			defaultConfigurationIsVisible = 0;
			defaultConfigurationName = Release;
		};
/* End XCConfigurationList section */
	};
	rootObject = 30D15DAA286F1C9A0028A7A2 /* Project object */;
}
